
Microsoft Visual Studio Solution File, Format Version 12.00
Project("{FAE04EC0-301F-11D3-BF4B-00C04F79EFBC}") = "FlotsBleusConsoleApp", "FlotsBleusConsoleApp.csproj", "{0E52F948-B79B-4916-AADB-40EFC96869AF}"
EndProject
Project("{FAE04EC0-301F-11D3-BF4B-00C04F79EFBC}") = "FlotsBleusLibrary", "FlotsBleusLibrary\FlotsBleusLibrary.csproj", "{C5A76F8B-6B23-4D7B-BAFC-072C8CD94935}"
EndProject
Project("{FAE04EC0-301F-11D3-BF4B-00C04F79EFBC}") = "FlotsBleusTest", "FlotsBleusTest\FlotsBleusTest.csproj", "{E8AFA294-AE54-42B3-822A-DC49FF89C6C8}"
EndProject
Global
	GlobalSection(SolutionConfigurationPlatforms) = preSolution
		Debug|Any CPU = Debug|Any CPU
		Release|Any CPU = Release|Any CPU
	EndGlobalSection
	GlobalSection(ProjectConfigurationPlatforms) = postSolution
		{0E52F948-B79B-4916-AADB-40EFC96869AF}.Debug|Any CPU.ActiveCfg = Debug|Any CPU
		{0E52F948-B79B-4916-AADB-40EFC96869AF}.Debug|Any CPU.Build.0 = Debug|Any CPU
		{0E52F948-B79B-4916-AADB-40EFC96869AF}.Release|Any CPU.ActiveCfg = Release|Any CPU
		{0E52F948-B79B-4916-AADB-40EFC96869AF}.Release|Any CPU.Build.0 = Release|Any CPU
		{C5A76F8B-6B23-4D7B-BAFC-072C8CD94935}.Debug|Any CPU.ActiveCfg = Debug|Any CPU
		{C5A76F8B-6B23-4D7B-BAFC-072C8CD94935}.Debug|Any CPU.Build.0 = Debug|Any CPU
		{C5A76F8B-6B23-4D7B-BAFC-072C8CD94935}.Release|Any CPU.ActiveCfg = Release|Any CPU
		{C5A76F8B-6B23-4D7B-BAFC-072C8CD94935}.Release|Any CPU.Build.0 = Release|Any CPU
		{E8AFA294-AE54-42B3-822A-DC49FF89C6C8}.Debug|Any CPU.ActiveCfg = Debug|Any CPU
		{E8AFA294-AE54-42B3-822A-DC49FF89C6C8}.Debug|Any CPU.Build.0 = Debug|Any CPU
		{E8AFA294-AE54-42B3-822A-DC49FF89C6C8}.Release|Any CPU.ActiveCfg = Release|Any CPU
		{E8AFA294-AE54-42B3-822A-DC49FF89C6C8}.Release|Any CPU.Build.0 = Release|Any CPU
	EndGlobalSection
EndGlobal
